// !$*UTF8*$!
{
	archiveVersion = 1;
	classes = {
	};
	objectVersion = 77;
	objects = {

/* Begin PBXBuildFile section */
		3B7601F22D1CD4AF00FB6270 /* main.swift in Sources */ = {isa = PBXBuildFile; fileRef = 3B7601D82D1CD40300FB6270 /* main.swift */; };
		3B7601F32D1CD4B700FB6270 /* Day04.swift in Sources */ = {isa = PBXBuildFile; fileRef = 3B7601DC2D1CD40300FB6270 /* Day04.swift */; };
		3B7601F42D1CD4B700FB6270 /* Day01.swift in Sources */ = {isa = PBXBuildFile; fileRef = 3B7601D92D1CD40300FB6270 /* Day01.swift */; };
		3B7601F52D1CD4B700FB6270 /* Day05.swift in Sources */ = {isa = PBXBuildFile; fileRef = 3B7601DD2D1CD40300FB6270 /* Day05.swift */; };
		3B7601F62D1CD4B700FB6270 /* Day06.swift in Sources */ = {isa = PBXBuildFile; fileRef = 3B7601DE2D1CD40300FB6270 /* Day06.swift */; };
		3B7601F72D1CD4B700FB6270 /* Day03.swift in Sources */ = {isa = PBXBuildFile; fileRef = 3B7601DB2D1CD40300FB6270 /* Day03.swift */; };
		3B7601F82D1CD4B700FB6270 /* Day02.swift in Sources */ = {isa = PBXBuildFile; fileRef = 3B7601DA2D1CD40300FB6270 /* Day02.swift */; };
		3B7601FA2D1CD7A600FB6270 /* Day07.swift in Sources */ = {isa = PBXBuildFile; fileRef = 3B7601F92D1CD7A300FB6270 /* Day07.swift */; };
		3B7601FE2D1E2CE400FB6270 /* Day08.swift in Sources */ = {isa = PBXBuildFile; fileRef = 3B7601FD2D1E2CE100FB6270 /* Day08.swift */; };
		3B7602012D2B373A00FB6270 /* Day09.swift in Sources */ = {isa = PBXBuildFile; fileRef = 3B7602002D2B373700FB6270 /* Day09.swift */; };
		3BA5B5262D2B7F810054A6D8 /* Algorithms in Frameworks */ = {isa = PBXBuildFile; productRef = 3BA5B5252D2B7F810054A6D8 /* Algorithms */; };
		3BA5B5292D2B819E0054A6D8 /* Day10.swift in Sources */ = {isa = PBXBuildFile; fileRef = 3BA5B5282D2B819B0054A6D8 /* Day10.swift */; };
		3BA5B52C2D2B98E70054A6D8 /* Day11.swift in Sources */ = {isa = PBXBuildFile; fileRef = 3BA5B52B2D2B98E40054A6D8 /* Day11.swift */; };
		3BA5B52F2D2BBEBF0054A6D8 /* Day12.swift in Sources */ = {isa = PBXBuildFile; fileRef = 3BA5B52E2D2BBEBC0054A6D8 /* Day12.swift */; };
		3BA5B5332D31DE910054A6D8 /* Day13.swift in Sources */ = {isa = PBXBuildFile; fileRef = 3BA5B5322D31DE8D0054A6D8 /* Day13.swift */; };
		3BA5B5362D3228FE0054A6D8 /* Day14.swift in Sources */ = {isa = PBXBuildFile; fileRef = 3BA5B5352D3228FA0054A6D8 /* Day14.swift */; };
		3BA5B5392D33081A0054A6D8 /* Day15.swift in Sources */ = {isa = PBXBuildFile; fileRef = 3BA5B5382D3308170054A6D8 /* Day15.swift */; };
/* End PBXBuildFile section */

/* Begin PBXCopyFilesBuildPhase section */
		3B7601E92D1CD49A00FB6270 /* CopyFiles */ = {
			isa = PBXCopyFilesBuildPhase;
			buildActionMask = 2147483647;
			dstPath = /usr/share/man/man1/;
			dstSubfolderSpec = 0;
			files = (
			);
			runOnlyForDeploymentPostprocessing = 1;
		};
/* End PBXCopyFilesBuildPhase section */

/* Begin PBXFileReference section */
		3B7601D12D1CD40300FB6270 /* Day01 */ = {isa = PBXFileReference; lastKnownFileType = text; path = Day01; sourceTree = "<group>"; };
		3B7601D22D1CD40300FB6270 /* Day02 */ = {isa = PBXFileReference; lastKnownFileType = text; path = Day02; sourceTree = "<group>"; };
		3B7601D32D1CD40300FB6270 /* Day03 */ = {isa = PBXFileReference; lastKnownFileType = text; path = Day03; sourceTree = "<group>"; };
		3B7601D42D1CD40300FB6270 /* Day04 */ = {isa = PBXFileReference; lastKnownFileType = text; path = Day04; sourceTree = "<group>"; };
		3B7601D52D1CD40300FB6270 /* Day05 */ = {isa = PBXFileReference; lastKnownFileType = text; path = Day05; sourceTree = "<group>"; };
		3B7601D62D1CD40300FB6270 /* Day06 */ = {isa = PBXFileReference; lastKnownFileType = text; path = Day06; sourceTree = "<group>"; };
		3B7601D82D1CD40300FB6270 /* main.swift */ = {isa = PBXFileReference; lastKnownFileType = sourcecode.swift; path = main.swift; sourceTree = "<group>"; };
		3B7601D92D1CD40300FB6270 /* Day01.swift */ = {isa = PBXFileReference; lastKnownFileType = sourcecode.swift; path = Day01.swift; sourceTree = "<group>"; };
		3B7601DA2D1CD40300FB6270 /* Day02.swift */ = {isa = PBXFileReference; lastKnownFileType = sourcecode.swift; path = Day02.swift; sourceTree = "<group>"; };
		3B7601DB2D1CD40300FB6270 /* Day03.swift */ = {isa = PBXFileReference; lastKnownFileType = sourcecode.swift; path = Day03.swift; sourceTree = "<group>"; };
		3B7601DC2D1CD40300FB6270 /* Day04.swift */ = {isa = PBXFileReference; lastKnownFileType = sourcecode.swift; path = Day04.swift; sourceTree = "<group>"; };
		3B7601DD2D1CD40300FB6270 /* Day05.swift */ = {isa = PBXFileReference; lastKnownFileType = sourcecode.swift; path = Day05.swift; sourceTree = "<group>"; };
		3B7601DE2D1CD40300FB6270 /* Day06.swift */ = {isa = PBXFileReference; lastKnownFileType = sourcecode.swift; path = Day06.swift; sourceTree = "<group>"; };
		3B7601EB2D1CD49A00FB6270 /* AoC2015 */ = {isa = PBXFileReference; explicitFileType = "compiled.mach-o.executable"; includeInIndex = 0; path = AoC2015; sourceTree = BUILT_PRODUCTS_DIR; };
		3B7601F92D1CD7A300FB6270 /* Day07.swift */ = {isa = PBXFileReference; lastKnownFileType = sourcecode.swift; path = Day07.swift; sourceTree = "<group>"; };
		3B7601FB2D1CD82C00FB6270 /* Day07 */ = {isa = PBXFileReference; lastKnownFileType = text; path = Day07; sourceTree = "<group>"; };
		3B7601FC2D1E2CD000FB6270 /* Day08 */ = {isa = PBXFileReference; lastKnownFileType = text; path = Day08; sourceTree = "<group>"; };
		3B7601FD2D1E2CE100FB6270 /* Day08.swift */ = {isa = PBXFileReference; lastKnownFileType = sourcecode.swift; path = Day08.swift; sourceTree = "<group>"; };
		3B7601FF2D2B372100FB6270 /* Day09 */ = {isa = PBXFileReference; lastKnownFileType = text; path = Day09; sourceTree = "<group>"; };
		3B7602002D2B373700FB6270 /* Day09.swift */ = {isa = PBXFileReference; lastKnownFileType = sourcecode.swift; path = Day09.swift; sourceTree = "<group>"; };
		3BA5B5272D2B818D0054A6D8 /* Day10 */ = {isa = PBXFileReference; lastKnownFileType = text; path = Day10; sourceTree = "<group>"; };
		3BA5B5282D2B819B0054A6D8 /* Day10.swift */ = {isa = PBXFileReference; lastKnownFileType = sourcecode.swift; path = Day10.swift; sourceTree = "<group>"; };
		3BA5B52A2D2B98BF0054A6D8 /* Day11 */ = {isa = PBXFileReference; lastKnownFileType = text; path = Day11; sourceTree = "<group>"; };
		3BA5B52B2D2B98E40054A6D8 /* Day11.swift */ = {isa = PBXFileReference; lastKnownFileType = sourcecode.swift; path = Day11.swift; sourceTree = "<group>"; };
		3BA5B52D2D2BBEA50054A6D8 /* Day12 */ = {isa = PBXFileReference; lastKnownFileType = text; path = Day12; sourceTree = "<group>"; };
		3BA5B52E2D2BBEBC0054A6D8 /* Day12.swift */ = {isa = PBXFileReference; lastKnownFileType = sourcecode.swift; path = Day12.swift; sourceTree = "<group>"; };
		3BA5B5312D31DE800054A6D8 /* Day13 */ = {isa = PBXFileReference; lastKnownFileType = text; path = Day13; sourceTree = "<group>"; };
		3BA5B5322D31DE8D0054A6D8 /* Day13.swift */ = {isa = PBXFileReference; lastKnownFileType = sourcecode.swift; path = Day13.swift; sourceTree = "<group>"; };
		3BA5B5342D3228EF0054A6D8 /* Day14 */ = {isa = PBXFileReference; lastKnownFileType = text; path = Day14; sourceTree = "<group>"; };
		3BA5B5352D3228FA0054A6D8 /* Day14.swift */ = {isa = PBXFileReference; lastKnownFileType = sourcecode.swift; path = Day14.swift; sourceTree = "<group>"; };
		3BA5B5372D33080D0054A6D8 /* Day15 */ = {isa = PBXFileReference; lastKnownFileType = text; path = Day15; sourceTree = "<group>"; };
		3BA5B5382D3308170054A6D8 /* Day15.swift */ = {isa = PBXFileReference; lastKnownFileType = sourcecode.swift; path = Day15.swift; sourceTree = "<group>"; };
/* End PBXFileReference section */

/* Begin PBXFrameworksBuildPhase section */
		3B7601E82D1CD49A00FB6270 /* Frameworks */ = {
			isa = PBXFrameworksBuildPhase;
			buildActionMask = 2147483647;
			files = (
				3BA5B5262D2B7F810054A6D8 /* Algorithms in Frameworks */,
			);
			runOnlyForDeploymentPostprocessing = 0;
		};
/* End PBXFrameworksBuildPhase section */

/* Begin PBXGroup section */
		3B394C602D1A7C1100F3345B = {
			isa = PBXGroup;
			children = (
				3B7601D72D1CD40300FB6270 /* data */,
				3B7601DF2D1CD40300FB6270 /* src */,
				3B7601D82D1CD40300FB6270 /* main.swift */,
				3B394C6A2D1A7C1100F3345B /* Products */,
			);
			sourceTree = "<group>";
		};
		3B394C6A2D1A7C1100F3345B /* Products */ = {
			isa = PBXGroup;
			children = (
				3B7601EB2D1CD49A00FB6270 /* AoC2015 */,
			);
			name = Products;
			sourceTree = "<group>";
		};
		3B7601D72D1CD40300FB6270 /* data */ = {
			isa = PBXGroup;
			children = (
				3B7601D12D1CD40300FB6270 /* Day01 */,
				3B7601D22D1CD40300FB6270 /* Day02 */,
				3B7601D32D1CD40300FB6270 /* Day03 */,
				3B7601D42D1CD40300FB6270 /* Day04 */,
				3B7601D52D1CD40300FB6270 /* Day05 */,
				3B7601D62D1CD40300FB6270 /* Day06 */,
				3B7601FB2D1CD82C00FB6270 /* Day07 */,
				3B7601FC2D1E2CD000FB6270 /* Day08 */,
				3B7601FF2D2B372100FB6270 /* Day09 */,
				3BA5B5272D2B818D0054A6D8 /* Day10 */,
				3BA5B52A2D2B98BF0054A6D8 /* Day11 */,
				3BA5B52D2D2BBEA50054A6D8 /* Day12 */,
				3BA5B5312D31DE800054A6D8 /* Day13 */,
				3BA5B5342D3228EF0054A6D8 /* Day14 */,
				3BA5B5372D33080D0054A6D8 /* Day15 */,
			);
			path = data;
			sourceTree = "<group>";
		};
		3B7601DF2D1CD40300FB6270 /* src */ = {
			isa = PBXGroup;
			children = (
				3B7601D92D1CD40300FB6270 /* Day01.swift */,
				3B7601DA2D1CD40300FB6270 /* Day02.swift */,
				3B7601DB2D1CD40300FB6270 /* Day03.swift */,
				3B7601DC2D1CD40300FB6270 /* Day04.swift */,
				3B7601DD2D1CD40300FB6270 /* Day05.swift */,
				3B7601DE2D1CD40300FB6270 /* Day06.swift */,
				3B7601F92D1CD7A300FB6270 /* Day07.swift */,
				3B7601FD2D1E2CE100FB6270 /* Day08.swift */,
				3B7602002D2B373700FB6270 /* Day09.swift */,
				3BA5B5282D2B819B0054A6D8 /* Day10.swift */,
				3BA5B52B2D2B98E40054A6D8 /* Day11.swift */,
				3BA5B52E2D2BBEBC0054A6D8 /* Day12.swift */,
				3BA5B5322D31DE8D0054A6D8 /* Day13.swift */,
				3BA5B5352D3228FA0054A6D8 /* Day14.swift */,
				3BA5B5382D3308170054A6D8 /* Day15.swift */,
			);
			path = src;
			sourceTree = "<group>";
		};
/* End PBXGroup section */

/* Begin PBXNativeTarget section */
		3B7601EA2D1CD49A00FB6270 /* AoC2015 */ = {
			isa = PBXNativeTarget;
			buildConfigurationList = 3B7601EF2D1CD49A00FB6270 /* Build configuration list for PBXNativeTarget "AoC2015" */;
			buildPhases = (
				3B7601E72D1CD49A00FB6270 /* Sources */,
				3B7601E82D1CD49A00FB6270 /* Frameworks */,
				3B7601E92D1CD49A00FB6270 /* CopyFiles */,
			);
			buildRules = (
			);
			dependencies = (
			);
			name = AoC2015;
			packageProductDependencies = (
				3BA5B5252D2B7F810054A6D8 /* Algorithms */,
			);
			productName = AoC2015;
			productReference = 3B7601EB2D1CD49A00FB6270 /* AoC2015 */;
			productType = "com.apple.product-type.tool";
		};
/* End PBXNativeTarget section */

/* Begin PBXProject section */
		3B394C612D1A7C1100F3345B /* Project object */ = {
			isa = PBXProject;
			attributes = {
				BuildIndependentTargetsInParallel = 1;
				LastSwiftUpdateCheck = 1620;
				LastUpgradeCheck = 1620;
				TargetAttributes = {
					3B7601EA2D1CD49A00FB6270 = {
						CreatedOnToolsVersion = 16.2;
					};
				};
			};
			buildConfigurationList = 3B394C642D1A7C1100F3345B /* Build configuration list for PBXProject "Advent of Code 2015" */;
			developmentRegion = en;
			hasScannedForEncodings = 0;
			knownRegions = (
				en,
				Base,
			);
			mainGroup = 3B394C602D1A7C1100F3345B;
			minimizedProjectReferenceProxies = 1;
			packageReferences = (
				3BA5B5242D2B7F810054A6D8 /* XCRemoteSwiftPackageReference "swift-algorithms" */,
			);
			preferredProjectObjectVersion = 77;
			productRefGroup = 3B394C6A2D1A7C1100F3345B /* Products */;
			projectDirPath = "";
			projectRoot = "";
			targets = (
				3B7601EA2D1CD49A00FB6270 /* AoC2015 */,
			);
		};
/* End PBXProject section */

/* Begin PBXSourcesBuildPhase section */
		3B7601E72D1CD49A00FB6270 /* Sources */ = {
			isa = PBXSourcesBuildPhase;
			buildActionMask = 2147483647;
			files = (
				3B7601F22D1CD4AF00FB6270 /* main.swift in Sources */,
				3B7601F32D1CD4B700FB6270 /* Day04.swift in Sources */,
				3BA5B5332D31DE910054A6D8 /* Day13.swift in Sources */,
				3BA5B52C2D2B98E70054A6D8 /* Day11.swift in Sources */,
				3B7601F42D1CD4B700FB6270 /* Day01.swift in Sources */,
				3B7601FA2D1CD7A600FB6270 /* Day07.swift in Sources */,
				3B7601F52D1CD4B700FB6270 /* Day05.swift in Sources */,
				3B7601FE2D1E2CE400FB6270 /* Day08.swift in Sources */,
				3B7601F62D1CD4B700FB6270 /* Day06.swift in Sources */,
				3BA5B5292D2B819E0054A6D8 /* Day10.swift in Sources */,
				3BA5B5392D33081A0054A6D8 /* Day15.swift in Sources */,
				3BA5B52F2D2BBEBF0054A6D8 /* Day12.swift in Sources */,
				3B7601F72D1CD4B700FB6270 /* Day03.swift in Sources */,
				3B7601F82D1CD4B700FB6270 /* Day02.swift in Sources */,
				3B7602012D2B373A00FB6270 /* Day09.swift in Sources */,
				3BA5B5362D3228FE0054A6D8 /* Day14.swift in Sources */,
			);
			runOnlyForDeploymentPostprocessing = 0;
		};
/* End PBXSourcesBuildPhase section */

/* Begin XCBuildConfiguration section */
		3B394C6E2D1A7C1100F3345B /* Debug */ = {
			isa = XCBuildConfiguration;
			buildSettings = {
				ALWAYS_SEARCH_USER_PATHS = NO;
				ASSETCATALOG_COMPILER_GENERATE_SWIFT_ASSET_SYMBOL_EXTENSIONS = YES;
				CLANG_ANALYZER_NONNULL = YES;
				CLANG_ANALYZER_NUMBER_OBJECT_CONVERSION = YES_AGGRESSIVE;
				CLANG_CXX_LANGUAGE_STANDARD = "gnu++20";
				CLANG_ENABLE_MODULES = YES;
				CLANG_ENABLE_OBJC_ARC = YES;
				CLANG_ENABLE_OBJC_WEAK = YES;
				CLANG_WARN_BLOCK_CAPTURE_AUTORELEASING = YES;
				CLANG_WARN_BOOL_CONVERSION = YES;
				CLANG_WARN_COMMA = YES;
				CLANG_WARN_CONSTANT_CONVERSION = YES;
				CLANG_WARN_DEPRECATED_OBJC_IMPLEMENTATIONS = YES;
				CLANG_WARN_DIRECT_OBJC_ISA_USAGE = YES_ERROR;
				CLANG_WARN_DOCUMENTATION_COMMENTS = YES;
				CLANG_WARN_EMPTY_BODY = YES;
				CLANG_WARN_ENUM_CONVERSION = YES;
				CLANG_WARN_INFINITE_RECURSION = YES;
				CLANG_WARN_INT_CONVERSION = YES;
				CLANG_WARN_NON_LITERAL_NULL_CONVERSION = YES;
				CLANG_WARN_OBJC_IMPLICIT_RETAIN_SELF = YES;
				CLANG_WARN_OBJC_LITERAL_CONVERSION = YES;
				CLANG_WARN_OBJC_ROOT_CLASS = YES_ERROR;
				CLANG_WARN_QUOTED_INCLUDE_IN_FRAMEWORK_HEADER = YES;
				CLANG_WARN_RANGE_LOOP_ANALYSIS = YES;
				CLANG_WARN_STRICT_PROTOTYPES = YES;
				CLANG_WARN_SUSPICIOUS_MOVE = YES;
				CLANG_WARN_UNGUARDED_AVAILABILITY = YES_AGGRESSIVE;
				CLANG_WARN_UNREACHABLE_CODE = YES;
				CLANG_WARN__DUPLICATE_METHOD_MATCH = YES;
				COPY_PHASE_STRIP = NO;
				DEBUG_INFORMATION_FORMAT = dwarf;
				ENABLE_STRICT_OBJC_MSGSEND = YES;
				ENABLE_TESTABILITY = YES;
				ENABLE_USER_SCRIPT_SANDBOXING = YES;
				GCC_C_LANGUAGE_STANDARD = gnu17;
				GCC_DYNAMIC_NO_PIC = NO;
				GCC_NO_COMMON_BLOCKS = YES;
				GCC_OPTIMIZATION_LEVEL = 0;
				GCC_PREPROCESSOR_DEFINITIONS = (
					"DEBUG=1",
					"$(inherited)",
				);
				GCC_WARN_64_TO_32_BIT_CONVERSION = YES;
				GCC_WARN_ABOUT_RETURN_TYPE = YES_ERROR;
				GCC_WARN_UNDECLARED_SELECTOR = YES;
				GCC_WARN_UNINITIALIZED_AUTOS = YES_AGGRESSIVE;
				GCC_WARN_UNUSED_FUNCTION = YES;
				GCC_WARN_UNUSED_VARIABLE = YES;
				LOCALIZATION_PREFERS_STRING_CATALOGS = YES;
				MACOSX_DEPLOYMENT_TARGET = 15.2;
				MTL_ENABLE_DEBUG_INFO = INCLUDE_SOURCE;
				MTL_FAST_MATH = YES;
				ONLY_ACTIVE_ARCH = YES;
				SDKROOT = macosx;
				SWIFT_ACTIVE_COMPILATION_CONDITIONS = "DEBUG $(inherited)";
				SWIFT_OPTIMIZATION_LEVEL = "-Onone";
			};
			name = Debug;
		};
		3B394C6F2D1A7C1100F3345B /* Release */ = {
			isa = XCBuildConfiguration;
			buildSettings = {
				ALWAYS_SEARCH_USER_PATHS = NO;
				ASSETCATALOG_COMPILER_GENERATE_SWIFT_ASSET_SYMBOL_EXTENSIONS = YES;
				CLANG_ANALYZER_NONNULL = YES;
				CLANG_ANALYZER_NUMBER_OBJECT_CONVERSION = YES_AGGRESSIVE;
				CLANG_CXX_LANGUAGE_STANDARD = "gnu++20";
				CLANG_ENABLE_MODULES = YES;
				CLANG_ENABLE_OBJC_ARC = YES;
				CLANG_ENABLE_OBJC_WEAK = YES;
				CLANG_WARN_BLOCK_CAPTURE_AUTORELEASING = YES;
				CLANG_WARN_BOOL_CONVERSION = YES;
				CLANG_WARN_COMMA = YES;
				CLANG_WARN_CONSTANT_CONVERSION = YES;
				CLANG_WARN_DEPRECATED_OBJC_IMPLEMENTATIONS = YES;
				CLANG_WARN_DIRECT_OBJC_ISA_USAGE = YES_ERROR;
				CLANG_WARN_DOCUMENTATION_COMMENTS = YES;
				CLANG_WARN_EMPTY_BODY = YES;
				CLANG_WARN_ENUM_CONVERSION = YES;
				CLANG_WARN_INFINITE_RECURSION = YES;
				CLANG_WARN_INT_CONVERSION = YES;
				CLANG_WARN_NON_LITERAL_NULL_CONVERSION = YES;
				CLANG_WARN_OBJC_IMPLICIT_RETAIN_SELF = YES;
				CLANG_WARN_OBJC_LITERAL_CONVERSION = YES;
				CLANG_WARN_OBJC_ROOT_CLASS = YES_ERROR;
				CLANG_WARN_QUOTED_INCLUDE_IN_FRAMEWORK_HEADER = YES;
				CLANG_WARN_RANGE_LOOP_ANALYSIS = YES;
				CLANG_WARN_STRICT_PROTOTYPES = YES;
				CLANG_WARN_SUSPICIOUS_MOVE = YES;
				CLANG_WARN_UNGUARDED_AVAILABILITY = YES_AGGRESSIVE;
				CLANG_WARN_UNREACHABLE_CODE = YES;
				CLANG_WARN__DUPLICATE_METHOD_MATCH = YES;
				COPY_PHASE_STRIP = NO;
				DEBUG_INFORMATION_FORMAT = "dwarf-with-dsym";
				ENABLE_NS_ASSERTIONS = NO;
				ENABLE_STRICT_OBJC_MSGSEND = YES;
				ENABLE_USER_SCRIPT_SANDBOXING = YES;
				GCC_C_LANGUAGE_STANDARD = gnu17;
				GCC_NO_COMMON_BLOCKS = YES;
				GCC_WARN_64_TO_32_BIT_CONVERSION = YES;
				GCC_WARN_ABOUT_RETURN_TYPE = YES_ERROR;
				GCC_WARN_UNDECLARED_SELECTOR = YES;
				GCC_WARN_UNINITIALIZED_AUTOS = YES_AGGRESSIVE;
				GCC_WARN_UNUSED_FUNCTION = YES;
				GCC_WARN_UNUSED_VARIABLE = YES;
				LOCALIZATION_PREFERS_STRING_CATALOGS = YES;
				MACOSX_DEPLOYMENT_TARGET = 15.2;
				MTL_ENABLE_DEBUG_INFO = NO;
				MTL_FAST_MATH = YES;
				SDKROOT = macosx;
				SWIFT_COMPILATION_MODE = wholemodule;
			};
			name = Release;
		};
		3B7601F02D1CD49A00FB6270 /* Debug */ = {
			isa = XCBuildConfiguration;
			buildSettings = {
				CODE_SIGN_STYLE = Automatic;
				DEVELOPMENT_TEAM = KD65FQ7L8G;
				ENABLE_HARDENED_RUNTIME = YES;
				PRODUCT_NAME = "$(TARGET_NAME)";
				SWIFT_VERSION = 5.0;
			};
			name = Debug;
		};
		3B7601F12D1CD49A00FB6270 /* Release */ = {
			isa = XCBuildConfiguration;
			buildSettings = {
				CODE_SIGN_STYLE = Automatic;
				DEVELOPMENT_TEAM = KD65FQ7L8G;
				ENABLE_HARDENED_RUNTIME = YES;
				PRODUCT_NAME = "$(TARGET_NAME)";
				SWIFT_VERSION = 5.0;
			};
			name = Release;
		};
/* End XCBuildConfiguration section */

/* Begin XCConfigurationList section */
		3B394C642D1A7C1100F3345B /* Build configuration list for PBXProject "Advent of Code 2015" */ = {
			isa = XCConfigurationList;
			buildConfigurations = (
				3B394C6E2D1A7C1100F3345B /* Debug */,
				3B394C6F2D1A7C1100F3345B /* Release */,
			);
			defaultConfigurationIsVisible = 0;
			defaultConfigurationName = Release;
		};
		3B7601EF2D1CD49A00FB6270 /* Build configuration list for PBXNativeTarget "AoC2015" */ = {
			isa = XCConfigurationList;
			buildConfigurations = (
				3B7601F02D1CD49A00FB6270 /* Debug */,
				3B7601F12D1CD49A00FB6270 /* Release */,
			);
			defaultConfigurationIsVisible = 0;
			defaultConfigurationName = Release;
		};
/* End XCConfigurationList section */

/* Begin XCRemoteSwiftPackageReference section */
		3BA5B5242D2B7F810054A6D8 /* XCRemoteSwiftPackageReference "swift-algorithms" */ = {
			isa = XCRemoteSwiftPackageReference;
			repositoryURL = "https://github.com/apple/swift-algorithms.git";
			requirement = {
				kind = upToNextMajorVersion;
				minimumVersion = 1.2.0;
			};
		};
/* End XCRemoteSwiftPackageReference section */

/* Begin XCSwiftPackageProductDependency section */
		3BA5B5252D2B7F810054A6D8 /* Algorithms */ = {
			isa = XCSwiftPackageProductDependency;
			package = 3BA5B5242D2B7F810054A6D8 /* XCRemoteSwiftPackageReference "swift-algorithms" */;
			productName = Algorithms;
		};
/* End XCSwiftPackageProductDependency section */
	};
	rootObject = 3B394C612D1A7C1100F3345B /* Project object */;
}
